
Microsoft Visual Studio Solution File, Format Version 12.00
# Visual Studio Version 16
VisualStudioVersion = 16.0.29709.97
MinimumVisualStudioVersion = 10.0.40219.1
Project("{2150E333-8FDC-42A3-9474-1A3956D46DE8}") = "Src", "Src", "{6913EF44-CAF0-4A44-B90A-E35AC31772F5}"
EndProject
Project("{2150E333-8FDC-42A3-9474-1A3956D46DE8}") = "Test", "Test", "{BCF0FBA8-3C31-47D9-ABB1-A73838BF65FC}"
EndProject
Project("{9A19103F-16F7-4668-BE54-9A1E7A4F7556}") = "LogCollect.Core", "Src\LogCollect.Core\LogCollect.Core.csproj", "{377F2396-B6C6-4D90-958C-5A864B180D9B}"
EndProject
Project("{9A19103F-16F7-4668-BE54-9A1E7A4F7556}") = "LogCollect.Abstractions", "Src\LogCollect.Abstractions\LogCollect.Abstractions.csproj", "{B9F6AAA4-BBED-4BD8-8B27-C74DFFD1C469}"
EndProject
Project("{2150E333-8FDC-42A3-9474-1A3956D46DE8}") = "Filters", "Filters", "{F1EF9653-CF0A-40E5-B1C2-38CCAC4F82D8}"
EndProject
Project("{9A19103F-16F7-4668-BE54-9A1E7A4F7556}") = "Filters.Input.File", "Src\Filters\Filters.Input.File\Filters.Input.File.csproj", "{D06B5509-9B75-48EE-AC20-0D4E6A5F5015}"
EndProject
Project("{2150E333-8FDC-42A3-9474-1A3956D46DE8}") = "Items", "Items", "{3BFDC854-14E4-48F2-9673-6DE4F143D256}"
EndProject
Project("{9A19103F-16F7-4668-BE54-9A1E7A4F7556}") = "LogCollect.Shell", "Src\LogCollect.Shell\LogCollect.Shell.csproj", "{74F9A136-8555-469C-9263-EB57586E4C6E}"
EndProject
Project("{9A19103F-16F7-4668-BE54-9A1E7A4F7556}") = "LogCollect.Shell.Console", "Src\LogCollect.Shell.Console\LogCollect.Shell.Console.csproj", "{9B932B76-3D33-4DCE-81CD-4AF96CBDC4A2}"
EndProject
Project("{FAE04EC0-301F-11D3-BF4B-00C04F79EFBC}") = "Filters.Regex", "Src\Filters\Filters.Regex\Filters.Regex.csproj", "{ED5F74BE-BF3F-4413-BA38-68F592B864BA}"
EndProject
Global
	GlobalSection(SolutionConfigurationPlatforms) = preSolution
		Debug|Any CPU = Debug|Any CPU
		Release|Any CPU = Release|Any CPU
	EndGlobalSection
	GlobalSection(ProjectConfigurationPlatforms) = postSolution
		{377F2396-B6C6-4D90-958C-5A864B180D9B}.Debug|Any CPU.ActiveCfg = Debug|Any CPU
		{377F2396-B6C6-4D90-958C-5A864B180D9B}.Debug|Any CPU.Build.0 = Debug|Any CPU
		{377F2396-B6C6-4D90-958C-5A864B180D9B}.Release|Any CPU.ActiveCfg = Release|Any CPU
		{377F2396-B6C6-4D90-958C-5A864B180D9B}.Release|Any CPU.Build.0 = Release|Any CPU
		{B9F6AAA4-BBED-4BD8-8B27-C74DFFD1C469}.Debug|Any CPU.ActiveCfg = Debug|Any CPU
		{B9F6AAA4-BBED-4BD8-8B27-C74DFFD1C469}.Debug|Any CPU.Build.0 = Debug|Any CPU
		{B9F6AAA4-BBED-4BD8-8B27-C74DFFD1C469}.Release|Any CPU.ActiveCfg = Release|Any CPU
		{B9F6AAA4-BBED-4BD8-8B27-C74DFFD1C469}.Release|Any CPU.Build.0 = Release|Any CPU
		{D06B5509-9B75-48EE-AC20-0D4E6A5F5015}.Debug|Any CPU.ActiveCfg = Debug|Any CPU
		{D06B5509-9B75-48EE-AC20-0D4E6A5F5015}.Debug|Any CPU.Build.0 = Debug|Any CPU
		{D06B5509-9B75-48EE-AC20-0D4E6A5F5015}.Release|Any CPU.ActiveCfg = Release|Any CPU
		{D06B5509-9B75-48EE-AC20-0D4E6A5F5015}.Release|Any CPU.Build.0 = Release|Any CPU
		{74F9A136-8555-469C-9263-EB57586E4C6E}.Debug|Any CPU.ActiveCfg = Debug|Any CPU
		{74F9A136-8555-469C-9263-EB57586E4C6E}.Debug|Any CPU.Build.0 = Debug|Any CPU
		{74F9A136-8555-469C-9263-EB57586E4C6E}.Release|Any CPU.ActiveCfg = Release|Any CPU
		{74F9A136-8555-469C-9263-EB57586E4C6E}.Release|Any CPU.Build.0 = Release|Any CPU
		{9B932B76-3D33-4DCE-81CD-4AF96CBDC4A2}.Debug|Any CPU.ActiveCfg = Debug|Any CPU
		{9B932B76-3D33-4DCE-81CD-4AF96CBDC4A2}.Debug|Any CPU.Build.0 = Debug|Any CPU
		{9B932B76-3D33-4DCE-81CD-4AF96CBDC4A2}.Release|Any CPU.ActiveCfg = Release|Any CPU
		{9B932B76-3D33-4DCE-81CD-4AF96CBDC4A2}.Release|Any CPU.Build.0 = Release|Any CPU
		{ED5F74BE-BF3F-4413-BA38-68F592B864BA}.Debug|Any CPU.ActiveCfg = Debug|Any CPU
		{ED5F74BE-BF3F-4413-BA38-68F592B864BA}.Debug|Any CPU.Build.0 = Debug|Any CPU
		{ED5F74BE-BF3F-4413-BA38-68F592B864BA}.Release|Any CPU.ActiveCfg = Release|Any CPU
		{ED5F74BE-BF3F-4413-BA38-68F592B864BA}.Release|Any CPU.Build.0 = Release|Any CPU
	EndGlobalSection
	GlobalSection(SolutionProperties) = preSolution
		HideSolutionNode = FALSE
	EndGlobalSection
	GlobalSection(NestedProjects) = preSolution
		{377F2396-B6C6-4D90-958C-5A864B180D9B} = {6913EF44-CAF0-4A44-B90A-E35AC31772F5}
		{B9F6AAA4-BBED-4BD8-8B27-C74DFFD1C469} = {6913EF44-CAF0-4A44-B90A-E35AC31772F5}
		{F1EF9653-CF0A-40E5-B1C2-38CCAC4F82D8} = {6913EF44-CAF0-4A44-B90A-E35AC31772F5}
		{D06B5509-9B75-48EE-AC20-0D4E6A5F5015} = {F1EF9653-CF0A-40E5-B1C2-38CCAC4F82D8}
		{74F9A136-8555-469C-9263-EB57586E4C6E} = {6913EF44-CAF0-4A44-B90A-E35AC31772F5}
		{9B932B76-3D33-4DCE-81CD-4AF96CBDC4A2} = {6913EF44-CAF0-4A44-B90A-E35AC31772F5}
		{ED5F74BE-BF3F-4413-BA38-68F592B864BA} = {F1EF9653-CF0A-40E5-B1C2-38CCAC4F82D8}
	EndGlobalSection
	GlobalSection(ExtensibilityGlobals) = postSolution
		SolutionGuid = {134385C2-0991-4E52-8D04-05187804663D}
	EndGlobalSection
EndGlobal
